
Microsoft Visual Studio Solution File, Format Version 12.00
# Visual Studio Version 17
VisualStudioVersion = 17.5.002.0
MinimumVisualStudioVersion = 10.0.40219.1
Project("{2150E333-8FDC-42A3-9474-1A3956D46DE8}") = "csharp-hello_world", "csharp-hello_world", "{8F95A2B9-86E4-41B0-9642-FC414DBDC03B}"
EndProject
Project("{9A19103F-16F7-4668-BE54-9A1E7A4F7556}") = "0-new_project", "csharp-hello_world\0-new_project\0-new_project.csproj", "{7EA2538E-9797-42FD-8938-EC593E41BA61}"
EndProject
Global
	GlobalSection(SolutionConfigurationPlatforms) = preSolution
		Debug|Any CPU = Debug|Any CPU
		Release|Any CPU = Release|Any CPU
	EndGlobalSection
	GlobalSection(ProjectConfigurationPlatforms) = postSolution
		{7EA2538E-9797-42FD-8938-EC593E41BA61}.Debug|Any CPU.ActiveCfg = Debug|Any CPU
		{7EA2538E-9797-42FD-8938-EC593E41BA61}.Debug|Any CPU.Build.0 = Debug|Any CPU
		{7EA2538E-9797-42FD-8938-EC593E41BA61}.Release|Any CPU.ActiveCfg = Release|Any CPU
		{7EA2538E-9797-42FD-8938-EC593E41BA61}.Release|Any CPU.Build.0 = Release|Any CPU
	EndGlobalSection
	GlobalSection(SolutionProperties) = preSolution
		HideSolutionNode = FALSE
	EndGlobalSection
	GlobalSection(NestedProjects) = preSolution
		{7EA2538E-9797-42FD-8938-EC593E41BA61} = {8F95A2B9-86E4-41B0-9642-FC414DBDC03B}
	EndGlobalSection
	GlobalSection(ExtensibilityGlobals) = postSolution
		SolutionGuid = {AF3E7345-E5A7-4F0E-948A-12174767B87F}
	EndGlobalSection
EndGlobal
